// !$*UTF8*$!
{
	archiveVersion = 1;
	classes = {
	};
	objectVersion = 46;
	objects = {

/* Begin PBXBuildFile section */
		2716713419270DC1002AA1D8 /* Foundation.framework in Frameworks */ = {isa = PBXBuildFile; fileRef = 2716713319270DC1002AA1D8 /* Foundation.framework */; };
		2716713619270DC1002AA1D8 /* CoreGraphics.framework in Frameworks */ = {isa = PBXBuildFile; fileRef = 2716713519270DC1002AA1D8 /* CoreGraphics.framework */; };
		2716713819270DC1002AA1D8 /* UIKit.framework in Frameworks */ = {isa = PBXBuildFile; fileRef = 2716713719270DC1002AA1D8 /* UIKit.framework */; };
		2716713E19270DC1002AA1D8 /* InfoPlist.strings in Resources */ = {isa = PBXBuildFile; fileRef = 2716713C19270DC1002AA1D8 /* InfoPlist.strings */; };
		2716714019270DC1002AA1D8 /* main.m in Sources */ = {isa = PBXBuildFile; fileRef = 2716713F19270DC1002AA1D8 /* main.m */; };
		2716714419270DC1002AA1D8 /* AppDelegate.m in Sources */ = {isa = PBXBuildFile; fileRef = 2716714319270DC1002AA1D8 /* AppDelegate.m */; };
		2716714A19270DC1002AA1D8 /* ViewController.m in Sources */ = {isa = PBXBuildFile; fileRef = 2716714919270DC1002AA1D8 /* ViewController.m */; };
		2716714C19270DC1002AA1D8 /* Images.xcassets in Resources */ = {isa = PBXBuildFile; fileRef = 2716714B19270DC1002AA1D8 /* Images.xcassets */; };
		2716715319270DC1002AA1D8 /* XCTest.framework in Frameworks */ = {isa = PBXBuildFile; fileRef = 2716715219270DC1002AA1D8 /* XCTest.framework */; };
		2716715419270DC1002AA1D8 /* Foundation.framework in Frameworks */ = {isa = PBXBuildFile; fileRef = 2716713319270DC1002AA1D8 /* Foundation.framework */; };
		2716715519270DC1002AA1D8 /* UIKit.framework in Frameworks */ = {isa = PBXBuildFile; fileRef = 2716713719270DC1002AA1D8 /* UIKit.framework */; };
		2716715D19270DC1002AA1D8 /* InfoPlist.strings in Resources */ = {isa = PBXBuildFile; fileRef = 2716715B19270DC1002AA1D8 /* InfoPlist.strings */; };
		2716715F19270DC1002AA1D8 /* LGTMCameraTests.m in Sources */ = {isa = PBXBuildFile; fileRef = 2716715E19270DC1002AA1D8 /* LGTMCameraTests.m */; };
		2716716919271187002AA1D8 /* ViewController.xib in Resources */ = {isa = PBXBuildFile; fileRef = 2716716819271187002AA1D8 /* ViewController.xib */; };
		2724FBD519590382003D58AC /* imageSearchViewController.m in Sources */ = {isa = PBXBuildFile; fileRef = 2724FBD319590382003D58AC /* imageSearchViewController.m */; };
		2724FBD619590382003D58AC /* imageSearchViewController.xib in Resources */ = {isa = PBXBuildFile; fileRef = 2724FBD419590382003D58AC /* imageSearchViewController.xib */; };
		2724FBD81959BF7A003D58AC /* bingapires.strings in Resources */ = {isa = PBXBuildFile; fileRef = 2724FBD71959BF7A003D58AC /* bingapires.strings */; };
		2724FBE2195ADC80003D58AC /* QuartzCore.framework in Frameworks */ = {isa = PBXBuildFile; fileRef = 2724FBE1195ADC80003D58AC /* QuartzCore.framework */; };
		2724FBE4195B0E4C003D58AC /* 1_search.png in Resources */ = {isa = PBXBuildFile; fileRef = 2724FBE3195B0E4C003D58AC /* 1_search.png */; };
		2724FBE8195B9215003D58AC /* imageSearchDetailViewController.m in Sources */ = {isa = PBXBuildFile; fileRef = 2724FBE6195B9215003D58AC /* imageSearchDetailViewController.m */; };
		2724FBE9195B9215003D58AC /* imageSearchDetailViewController.xib in Resources */ = {isa = PBXBuildFile; fileRef = 2724FBE7195B9215003D58AC /* imageSearchDetailViewController.xib */; };
		2724FBEC195B93FF003D58AC /* 0_batsu.png in Resources */ = {isa = PBXBuildFile; fileRef = 2724FBEA195B93FF003D58AC /* 0_batsu.png */; };
		2724FBED195B93FF003D58AC /* 0_check.png in Resources */ = {isa = PBXBuildFile; fileRef = 2724FBEB195B93FF003D58AC /* 0_check.png */; };
		2748510519B00CE90014C701 /* UIImagePickerViewController.m in Sources */ = {isa = PBXBuildFile; fileRef = 2748510419B00CE90014C701 /* UIImagePickerViewController.m */; };
		2748510719B01A900014C701 /* AssetsLibrary.framework in Frameworks */ = {isa = PBXBuildFile; fileRef = 2748510619B01A900014C701 /* AssetsLibrary.framework */; };
		2748510919B17C7E0014C701 /* repeat.png in Resources */ = {isa = PBXBuildFile; fileRef = 2748510819B17C7E0014C701 /* repeat.png */; };
		2748510B19B4067B0014C701 /* switch.png in Resources */ = {isa = PBXBuildFile; fileRef = 2748510A19B4067B0014C701 /* switch.png */; };
		2748510D19B4B27C0014C701 /* LGTM_2.png in Resources */ = {isa = PBXBuildFile; fileRef = 2748510C19B4B27C0014C701 /* LGTM_2.png */; };
		27573D75193385A70035AA06 /* AVFoundation.framework in Frameworks */ = {isa = PBXBuildFile; fileRef = 27573D74193385A70035AA06 /* AVFoundation.framework */; };
		278C981F19AC4A42004EF1E1 /* UIKit+LGTMCameraAddition.m in Sources */ = {isa = PBXBuildFile; fileRef = 278C981E19AC4A42004EF1E1 /* UIKit+LGTMCameraAddition.m */; };
		27AB460C1941F59800A2F6D7 /* retake.png in Resources */ = {isa = PBXBuildFile; fileRef = 27AB46071941F59800A2F6D7 /* retake.png */; };
		27AB460D1941F59800A2F6D7 /* camera.png in Resources */ = {isa = PBXBuildFile; fileRef = 27AB46081941F59800A2F6D7 /* camera.png */; };
		27AB460E1941F59800A2F6D7 /* cameraroll.png in Resources */ = {isa = PBXBuildFile; fileRef = 27AB46091941F59800A2F6D7 /* cameraroll.png */; };
		27AB46101941F59800A2F6D7 /* LGTM.png in Resources */ = {isa = PBXBuildFile; fileRef = 27AB460B1941F59800A2F6D7 /* LGTM.png */; };
		27EA09D719529B4B00A7D430 /* LGTM0.png in Resources */ = {isa = PBXBuildFile; fileRef = 27EA09D219529B4B00A7D430 /* LGTM0.png */; };
		27EA09D819529B4B00A7D430 /* LGTM1.png in Resources */ = {isa = PBXBuildFile; fileRef = 27EA09D319529B4B00A7D430 /* LGTM1.png */; };
		27EA09D919529B4B00A7D430 /* LGTM3.png in Resources */ = {isa = PBXBuildFile; fileRef = 27EA09D419529B4B00A7D430 /* LGTM3.png */; };
		27EA09DA19529B4B00A7D430 /* LGTM4.png in Resources */ = {isa = PBXBuildFile; fileRef = 27EA09D519529B4B00A7D430 /* LGTM4.png */; };
		27EA09DB19529B4B00A7D430 /* LGTM5.png in Resources */ = {isa = PBXBuildFile; fileRef = 27EA09D619529B4B00A7D430 /* LGTM5.png */; };
		27EA09EF1953451D00A7D430 /* 1_upload.png in Resources */ = {isa = PBXBuildFile; fileRef = 27EA09EB1953451D00A7D430 /* 1_upload.png */; };
		27EA09F01953451D00A7D430 /* 1_take.png in Resources */ = {isa = PBXBuildFile; fileRef = 27EA09EC1953451D00A7D430 /* 1_take.png */; };
		27EA09F11953451D00A7D430 /* 1_save.png in Resources */ = {isa = PBXBuildFile; fileRef = 27EA09ED1953451D00A7D430 /* 1_save.png */; };
		27EA09F21953451D00A7D430 /* 1_menu.png in Resources */ = {isa = PBXBuildFile; fileRef = 27EA09EE1953451D00A7D430 /* 1_menu.png */; };
		27EA09F41953C8B400A7D430 /* 1_back.png in Resources */ = {isa = PBXBuildFile; fileRef = 27EA09F31953C8B400A7D430 /* 1_back.png */; };
		27EA09F91954059D00A7D430 /* 1_twitter.png in Resources */ = {isa = PBXBuildFile; fileRef = 27EA09F81954059D00A7D430 /* 1_twitter.png */; };
		27EA09FB1954082300A7D430 /* Social.framework in Frameworks */ = {isa = PBXBuildFile; fileRef = 27EA09FA1954082300A7D430 /* Social.framework */; };
		27EA0A03195527C700A7D430 /* 1_mail.png in Resources */ = {isa = PBXBuildFile; fileRef = 27EA0A02195527C700A7D430 /* 1_mail.png */; };
		27EA0A05195562AD00A7D430 /* MessageUI.framework in Frameworks */ = {isa = PBXBuildFile; fileRef = 27EA0A04195562AD00A7D430 /* MessageUI.framework */; };
		27EA0A071957DDFC00A7D430 /* Icon-Small@2x.png in Resources */ = {isa = PBXBuildFile; fileRef = 27EA0A061957DDFC00A7D430 /* Icon-Small@2x.png */; };
		27EA0A0A1957DE7800A7D430 /* good-chef-80.png in Resources */ = {isa = PBXBuildFile; fileRef = 27EA0A081957DE7800A7D430 /* good-chef-80.png */; };
		27EA0A0B1957DE7800A7D430 /* good-chef-120.png in Resources */ = {isa = PBXBuildFile; fileRef = 27EA0A091957DE7800A7D430 /* good-chef-120.png */; };
		27EB919C19B8AE49006FDCAF /* flash.png in Resources */ = {isa = PBXBuildFile; fileRef = 27EB919B19B8AE49006FDCAF /* flash.png */; };
		626E042D34FE428EA9D8F104 /* libPods-LGTMCamera.a in Frameworks */ = {isa = PBXBuildFile; fileRef = 2515A0F986304E24BF5E366C /* libPods-LGTMCamera.a */; };
/* End PBXBuildFile section */

/* Begin PBXContainerItemProxy section */
		2716715619270DC1002AA1D8 /* PBXContainerItemProxy */ = {
			isa = PBXContainerItemProxy;
			containerPortal = 2716712819270DC1002AA1D8 /* Project object */;
			proxyType = 1;
			remoteGlobalIDString = 2716712F19270DC1002AA1D8;
			remoteInfo = LGTMCamera;
		};
/* End PBXContainerItemProxy section */

/* Begin PBXFileReference section */
		2515A0F986304E24BF5E366C /* libPods-LGTMCamera.a */ = {isa = PBXFileReference; explicitFileType = archive.ar; includeInIndex = 0; path = "libPods-LGTMCamera.a"; sourceTree = BUILT_PRODUCTS_DIR; };
		2716713019270DC1002AA1D8 /* LGTMCamera.app */ = {isa = PBXFileReference; explicitFileType = wrapper.application; includeInIndex = 0; path = LGTMCamera.app; sourceTree = BUILT_PRODUCTS_DIR; };
		2716713319270DC1002AA1D8 /* Foundation.framework */ = {isa = PBXFileReference; lastKnownFileType = wrapper.framework; name = Foundation.framework; path = System/Library/Frameworks/Foundation.framework; sourceTree = SDKROOT; };
		2716713519270DC1002AA1D8 /* CoreGraphics.framework */ = {isa = PBXFileReference; lastKnownFileType = wrapper.framework; name = CoreGraphics.framework; path = System/Library/Frameworks/CoreGraphics.framework; sourceTree = SDKROOT; };
		2716713719270DC1002AA1D8 /* UIKit.framework */ = {isa = PBXFileReference; lastKnownFileType = wrapper.framework; name = UIKit.framework; path = System/Library/Frameworks/UIKit.framework; sourceTree = SDKROOT; };
		2716713B19270DC1002AA1D8 /* LGTMCamera-Info.plist */ = {isa = PBXFileReference; lastKnownFileType = text.plist.xml; path = "LGTMCamera-Info.plist"; sourceTree = "<group>"; };
		2716713D19270DC1002AA1D8 /* en */ = {isa = PBXFileReference; lastKnownFileType = text.plist.strings; name = en; path = en.lproj/InfoPlist.strings; sourceTree = "<group>"; };
		2716713F19270DC1002AA1D8 /* main.m */ = {isa = PBXFileReference; lastKnownFileType = sourcecode.c.objc; path = main.m; sourceTree = "<group>"; };
		2716714119270DC1002AA1D8 /* LGTMCamera-Prefix.pch */ = {isa = PBXFileReference; lastKnownFileType = sourcecode.c.h; path = "LGTMCamera-Prefix.pch"; sourceTree = "<group>"; };
		2716714219270DC1002AA1D8 /* AppDelegate.h */ = {isa = PBXFileReference; lastKnownFileType = sourcecode.c.h; path = AppDelegate.h; sourceTree = "<group>"; };
		2716714319270DC1002AA1D8 /* AppDelegate.m */ = {isa = PBXFileReference; lastKnownFileType = sourcecode.c.objc; path = AppDelegate.m; sourceTree = "<group>"; };
		2716714819270DC1002AA1D8 /* ViewController.h */ = {isa = PBXFileReference; lastKnownFileType = sourcecode.c.h; path = ViewController.h; sourceTree = "<group>"; };
		2716714919270DC1002AA1D8 /* ViewController.m */ = {isa = PBXFileReference; lastKnownFileType = sourcecode.c.objc; path = ViewController.m; sourceTree = "<group>"; };
		2716714B19270DC1002AA1D8 /* Images.xcassets */ = {isa = PBXFileReference; lastKnownFileType = folder.assetcatalog; path = Images.xcassets; sourceTree = "<group>"; };
		2716715119270DC1002AA1D8 /* LGTMCameraTests.xctest */ = {isa = PBXFileReference; explicitFileType = wrapper.cfbundle; includeInIndex = 0; path = LGTMCameraTests.xctest; sourceTree = BUILT_PRODUCTS_DIR; };
		2716715219270DC1002AA1D8 /* XCTest.framework */ = {isa = PBXFileReference; lastKnownFileType = wrapper.framework; name = XCTest.framework; path = Library/Frameworks/XCTest.framework; sourceTree = DEVELOPER_DIR; };
		2716715A19270DC1002AA1D8 /* LGTMCameraTests-Info.plist */ = {isa = PBXFileReference; lastKnownFileType = text.plist.xml; path = "LGTMCameraTests-Info.plist"; sourceTree = "<group>"; };
		2716715C19270DC1002AA1D8 /* en */ = {isa = PBXFileReference; lastKnownFileType = text.plist.strings; name = en; path = en.lproj/InfoPlist.strings; sourceTree = "<group>"; };
		2716715E19270DC1002AA1D8 /* LGTMCameraTests.m */ = {isa = PBXFileReference; lastKnownFileType = sourcecode.c.objc; path = LGTMCameraTests.m; sourceTree = "<group>"; };
		2716716819271187002AA1D8 /* ViewController.xib */ = {isa = PBXFileReference; fileEncoding = 4; lastKnownFileType = file.xib; path = ViewController.xib; sourceTree = "<group>"; };
		2724FBD219590382003D58AC /* imageSearchViewController.h */ = {isa = PBXFileReference; fileEncoding = 4; lastKnownFileType = sourcecode.c.h; path = imageSearchViewController.h; sourceTree = "<group>"; };
		2724FBD319590382003D58AC /* imageSearchViewController.m */ = {isa = PBXFileReference; fileEncoding = 4; lastKnownFileType = sourcecode.c.objc; path = imageSearchViewController.m; sourceTree = "<group>"; };
		2724FBD419590382003D58AC /* imageSearchViewController.xib */ = {isa = PBXFileReference; fileEncoding = 4; lastKnownFileType = file.xib; path = imageSearchViewController.xib; sourceTree = "<group>"; };
		2724FBD71959BF7A003D58AC /* bingapires.strings */ = {isa = PBXFileReference; fileEncoding = 4; lastKnownFileType = text.plist.strings; path = bingapires.strings; sourceTree = "<group>"; };
		2724FBE1195ADC80003D58AC /* QuartzCore.framework */ = {isa = PBXFileReference; lastKnownFileType = wrapper.framework; name = QuartzCore.framework; path = System/Library/Frameworks/QuartzCore.framework; sourceTree = SDKROOT; };
		2724FBE3195B0E4C003D58AC /* 1_search.png */ = {isa = PBXFileReference; lastKnownFileType = image.png; path = 1_search.png; sourceTree = "<group>"; };
		2724FBE5195B9215003D58AC /* imageSearchDetailViewController.h */ = {isa = PBXFileReference; fileEncoding = 4; lastKnownFileType = sourcecode.c.h; path = imageSearchDetailViewController.h; sourceTree = "<group>"; };
		2724FBE6195B9215003D58AC /* imageSearchDetailViewController.m */ = {isa = PBXFileReference; fileEncoding = 4; lastKnownFileType = sourcecode.c.objc; path = imageSearchDetailViewController.m; sourceTree = "<group>"; };
		2724FBE7195B9215003D58AC /* imageSearchDetailViewController.xib */ = {isa = PBXFileReference; fileEncoding = 4; lastKnownFileType = file.xib; path = imageSearchDetailViewController.xib; sourceTree = "<group>"; };
		2724FBEA195B93FF003D58AC /* 0_batsu.png */ = {isa = PBXFileReference; lastKnownFileType = image.png; path = 0_batsu.png; sourceTree = "<group>"; };
		2724FBEB195B93FF003D58AC /* 0_check.png */ = {isa = PBXFileReference; lastKnownFileType = image.png; path = 0_check.png; sourceTree = "<group>"; };
		2748510319B00CE90014C701 /* UIImagePickerViewController.h */ = {isa = PBXFileReference; fileEncoding = 4; lastKnownFileType = sourcecode.c.h; path = UIImagePickerViewController.h; sourceTree = "<group>"; };
		2748510419B00CE90014C701 /* UIImagePickerViewController.m */ = {isa = PBXFileReference; fileEncoding = 4; lastKnownFileType = sourcecode.c.objc; path = UIImagePickerViewController.m; sourceTree = "<group>"; };
		2748510619B01A900014C701 /* AssetsLibrary.framework */ = {isa = PBXFileReference; lastKnownFileType = wrapper.framework; name = AssetsLibrary.framework; path = System/Library/Frameworks/AssetsLibrary.framework; sourceTree = SDKROOT; };
		2748510819B17C7E0014C701 /* repeat.png */ = {isa = PBXFileReference; lastKnownFileType = image.png; path = repeat.png; sourceTree = "<group>"; };
		2748510A19B4067B0014C701 /* switch.png */ = {isa = PBXFileReference; lastKnownFileType = image.png; path = switch.png; sourceTree = "<group>"; };
		2748510C19B4B27C0014C701 /* LGTM_2.png */ = {isa = PBXFileReference; lastKnownFileType = image.png; path = LGTM_2.png; sourceTree = "<group>"; };
		27573D74193385A70035AA06 /* AVFoundation.framework */ = {isa = PBXFileReference; lastKnownFileType = wrapper.framework; name = AVFoundation.framework; path = System/Library/Frameworks/AVFoundation.framework; sourceTree = SDKROOT; };
		278C981D19AC4A42004EF1E1 /* UIKit+LGTMCameraAddition.h */ = {isa = PBXFileReference; fileEncoding = 4; lastKnownFileType = sourcecode.c.h; path = "UIKit+LGTMCameraAddition.h"; sourceTree = "<group>"; };
		278C981E19AC4A42004EF1E1 /* UIKit+LGTMCameraAddition.m */ = {isa = PBXFileReference; fileEncoding = 4; lastKnownFileType = sourcecode.c.objc; path = "UIKit+LGTMCameraAddition.m"; sourceTree = "<group>"; };
		27AB46071941F59800A2F6D7 /* retake.png */ = {isa = PBXFileReference; lastKnownFileType = image.png; path = retake.png; sourceTree = "<group>"; };
		27AB46081941F59800A2F6D7 /* camera.png */ = {isa = PBXFileReference; lastKnownFileType = image.png; path = camera.png; sourceTree = "<group>"; };
		27AB46091941F59800A2F6D7 /* cameraroll.png */ = {isa = PBXFileReference; lastKnownFileType = image.png; path = cameraroll.png; sourceTree = "<group>"; };
		27AB460B1941F59800A2F6D7 /* LGTM.png */ = {isa = PBXFileReference; lastKnownFileType = image.png; path = LGTM.png; sourceTree = "<group>"; };
		27EA09D219529B4B00A7D430 /* LGTM0.png */ = {isa = PBXFileReference; lastKnownFileType = image.png; path = LGTM0.png; sourceTree = "<group>"; };
		27EA09D319529B4B00A7D430 /* LGTM1.png */ = {isa = PBXFileReference; lastKnownFileType = image.png; path = LGTM1.png; sourceTree = "<group>"; };
		27EA09D419529B4B00A7D430 /* LGTM3.png */ = {isa = PBXFileReference; lastKnownFileType = image.png; path = LGTM3.png; sourceTree = "<group>"; };
		27EA09D519529B4B00A7D430 /* LGTM4.png */ = {isa = PBXFileReference; lastKnownFileType = image.png; path = LGTM4.png; sourceTree = "<group>"; };
		27EA09D619529B4B00A7D430 /* LGTM5.png */ = {isa = PBXFileReference; lastKnownFileType = image.png; path = LGTM5.png; sourceTree = "<group>"; };
		27EA09EB1953451D00A7D430 /* 1_upload.png */ = {isa = PBXFileReference; lastKnownFileType = image.png; path = 1_upload.png; sourceTree = "<group>"; };
		27EA09EC1953451D00A7D430 /* 1_take.png */ = {isa = PBXFileReference; lastKnownFileType = image.png; path = 1_take.png; sourceTree = "<group>"; };
		27EA09ED1953451D00A7D430 /* 1_save.png */ = {isa = PBXFileReference; lastKnownFileType = image.png; path = 1_save.png; sourceTree = "<group>"; };
		27EA09EE1953451D00A7D430 /* 1_menu.png */ = {isa = PBXFileReference; lastKnownFileType = image.png; path = 1_menu.png; sourceTree = "<group>"; };
		27EA09F31953C8B400A7D430 /* 1_back.png */ = {isa = PBXFileReference; lastKnownFileType = image.png; path = 1_back.png; sourceTree = "<group>"; };
		27EA09F81954059D00A7D430 /* 1_twitter.png */ = {isa = PBXFileReference; lastKnownFileType = image.png; path = 1_twitter.png; sourceTree = "<group>"; };
		27EA09FA1954082300A7D430 /* Social.framework */ = {isa = PBXFileReference; lastKnownFileType = wrapper.framework; name = Social.framework; path = System/Library/Frameworks/Social.framework; sourceTree = SDKROOT; };
		27EA0A02195527C700A7D430 /* 1_mail.png */ = {isa = PBXFileReference; lastKnownFileType = image.png; path = 1_mail.png; sourceTree = "<group>"; };
		27EA0A04195562AD00A7D430 /* MessageUI.framework */ = {isa = PBXFileReference; lastKnownFileType = wrapper.framework; name = MessageUI.framework; path = System/Library/Frameworks/MessageUI.framework; sourceTree = SDKROOT; };
		27EA0A061957DDFC00A7D430 /* Icon-Small@2x.png */ = {isa = PBXFileReference; lastKnownFileType = image.png; path = "Icon-Small@2x.png"; sourceTree = "<group>"; };
		27EA0A081957DE7800A7D430 /* good-chef-80.png */ = {isa = PBXFileReference; lastKnownFileType = image.png; path = "good-chef-80.png"; sourceTree = "<group>"; };
		27EA0A091957DE7800A7D430 /* good-chef-120.png */ = {isa = PBXFileReference; lastKnownFileType = image.png; path = "good-chef-120.png"; sourceTree = "<group>"; };
		27EB919B19B8AE49006FDCAF /* flash.png */ = {isa = PBXFileReference; lastKnownFileType = image.png; path = flash.png; sourceTree = "<group>"; };
		71F42CE2FBAE44FCB3C44044 /* Pods-LGTMCamera.xcconfig */ = {isa = PBXFileReference; includeInIndex = 1; lastKnownFileType = text.xcconfig; name = "Pods-LGTMCamera.xcconfig"; path = "Pods/Pods-LGTMCamera.xcconfig"; sourceTree = "<group>"; };
/* End PBXFileReference section */

/* Begin PBXFrameworksBuildPhase section */
		2716712D19270DC1002AA1D8 /* Frameworks */ = {
			isa = PBXFrameworksBuildPhase;
			buildActionMask = 2147483647;
			files = (
				2748510719B01A900014C701 /* AssetsLibrary.framework in Frameworks */,
				27EA0A05195562AD00A7D430 /* MessageUI.framework in Frameworks */,
				27EA09FB1954082300A7D430 /* Social.framework in Frameworks */,
				27573D75193385A70035AA06 /* AVFoundation.framework in Frameworks */,
				2716713619270DC1002AA1D8 /* CoreGraphics.framework in Frameworks */,
				2716713819270DC1002AA1D8 /* UIKit.framework in Frameworks */,
				2716713419270DC1002AA1D8 /* Foundation.framework in Frameworks */,
				626E042D34FE428EA9D8F104 /* libPods-LGTMCamera.a in Frameworks */,
			);
			runOnlyForDeploymentPostprocessing = 0;
		};
		2716714E19270DC1002AA1D8 /* Frameworks */ = {
			isa = PBXFrameworksBuildPhase;
			buildActionMask = 2147483647;
			files = (
				2724FBE2195ADC80003D58AC /* QuartzCore.framework in Frameworks */,
				2716715319270DC1002AA1D8 /* XCTest.framework in Frameworks */,
				2716715519270DC1002AA1D8 /* UIKit.framework in Frameworks */,
				2716715419270DC1002AA1D8 /* Foundation.framework in Frameworks */,
			);
			runOnlyForDeploymentPostprocessing = 0;
		};
/* End PBXFrameworksBuildPhase section */

/* Begin PBXGroup section */
		2716712719270DC1002AA1D8 = {
			isa = PBXGroup;
			children = (
				2716713919270DC1002AA1D8 /* LGTMCamera */,
				2716715819270DC1002AA1D8 /* LGTMCameraTests */,
				2716713219270DC1002AA1D8 /* Frameworks */,
				2716713119270DC1002AA1D8 /* Products */,
				71F42CE2FBAE44FCB3C44044 /* Pods-LGTMCamera.xcconfig */,
			);
			sourceTree = "<group>";
		};
		2716713119270DC1002AA1D8 /* Products */ = {
			isa = PBXGroup;
			children = (
				2716713019270DC1002AA1D8 /* LGTMCamera.app */,
				2716715119270DC1002AA1D8 /* LGTMCameraTests.xctest */,
			);
			name = Products;
			sourceTree = "<group>";
		};
		2716713219270DC1002AA1D8 /* Frameworks */ = {
			isa = PBXGroup;
			children = (
				2748510619B01A900014C701 /* AssetsLibrary.framework */,
				2724FBE1195ADC80003D58AC /* QuartzCore.framework */,
				27EA0A04195562AD00A7D430 /* MessageUI.framework */,
				27EA09FA1954082300A7D430 /* Social.framework */,
				27573D74193385A70035AA06 /* AVFoundation.framework */,
				2716713319270DC1002AA1D8 /* Foundation.framework */,
				2716713519270DC1002AA1D8 /* CoreGraphics.framework */,
				2716713719270DC1002AA1D8 /* UIKit.framework */,
				2716715219270DC1002AA1D8 /* XCTest.framework */,
				2515A0F986304E24BF5E366C /* libPods-LGTMCamera.a */,
			);
			name = Frameworks;
			sourceTree = "<group>";
		};
		2716713919270DC1002AA1D8 /* LGTMCamera */ = {
			isa = PBXGroup;
			children = (
				27EA09DC19529B5600A7D430 /* images */,
				2716714219270DC1002AA1D8 /* AppDelegate.h */,
				2716714319270DC1002AA1D8 /* AppDelegate.m */,
				2716714819270DC1002AA1D8 /* ViewController.h */,
				2716714919270DC1002AA1D8 /* ViewController.m */,
				2716716819271187002AA1D8 /* ViewController.xib */,
				2724FBD219590382003D58AC /* imageSearchViewController.h */,
				2724FBD319590382003D58AC /* imageSearchViewController.m */,
				2724FBD419590382003D58AC /* imageSearchViewController.xib */,
				2724FBE5195B9215003D58AC /* imageSearchDetailViewController.h */,
				2724FBE6195B9215003D58AC /* imageSearchDetailViewController.m */,
				2724FBE7195B9215003D58AC /* imageSearchDetailViewController.xib */,
				278C981D19AC4A42004EF1E1 /* UIKit+LGTMCameraAddition.h */,
				278C981E19AC4A42004EF1E1 /* UIKit+LGTMCameraAddition.m */,
				2748510319B00CE90014C701 /* UIImagePickerViewController.h */,
				2748510419B00CE90014C701 /* UIImagePickerViewController.m */,
				2724FBD71959BF7A003D58AC /* bingapires.strings */,
				2716714B19270DC1002AA1D8 /* Images.xcassets */,
				2716713A19270DC1002AA1D8 /* Supporting Files */,
			);
			path = LGTMCamera;
			sourceTree = "<group>";
		};
		2716713A19270DC1002AA1D8 /* Supporting Files */ = {
			isa = PBXGroup;
			children = (
				27EA0A061957DDFC00A7D430 /* Icon-Small@2x.png */,
				27EA0A081957DE7800A7D430 /* good-chef-80.png */,
				27EA0A091957DE7800A7D430 /* good-chef-120.png */,
				2716713B19270DC1002AA1D8 /* LGTMCamera-Info.plist */,
				2716713C19270DC1002AA1D8 /* InfoPlist.strings */,
				2716713F19270DC1002AA1D8 /* main.m */,
				2716714119270DC1002AA1D8 /* LGTMCamera-Prefix.pch */,
			);
			name = "Supporting Files";
			sourceTree = "<group>";
		};
		2716715819270DC1002AA1D8 /* LGTMCameraTests */ = {
			isa = PBXGroup;
			children = (
				2716715E19270DC1002AA1D8 /* LGTMCameraTests.m */,
				2716715919270DC1002AA1D8 /* Supporting Files */,
			);
			path = LGTMCameraTests;
			sourceTree = "<group>";
		};
		2716715919270DC1002AA1D8 /* Supporting Files */ = {
			isa = PBXGroup;
			children = (
				2716715A19270DC1002AA1D8 /* LGTMCameraTests-Info.plist */,
				2716715B19270DC1002AA1D8 /* InfoPlist.strings */,
			);
			name = "Supporting Files";
			sourceTree = "<group>";
		};
		27EA09DC19529B5600A7D430 /* images */ = {
			isa = PBXGroup;
			children = (
				27EB919B19B8AE49006FDCAF /* flash.png */,
				2748510A19B4067B0014C701 /* switch.png */,
				2748510819B17C7E0014C701 /* repeat.png */,
				27AB46071941F59800A2F6D7 /* retake.png */,
				27AB46081941F59800A2F6D7 /* camera.png */,
				27AB46091941F59800A2F6D7 /* cameraroll.png */,
				27AB460B1941F59800A2F6D7 /* LGTM.png */,
				2748510C19B4B27C0014C701 /* LGTM_2.png */,
				27EA09D219529B4B00A7D430 /* LGTM0.png */,
				27EA09D319529B4B00A7D430 /* LGTM1.png */,
				27EA09D419529B4B00A7D430 /* LGTM3.png */,
				27EA09D519529B4B00A7D430 /* LGTM4.png */,
				27EA09D619529B4B00A7D430 /* LGTM5.png */,
				27EA09EB1953451D00A7D430 /* 1_upload.png */,
				27EA09EC1953451D00A7D430 /* 1_take.png */,
				27EA09ED1953451D00A7D430 /* 1_save.png */,
				27EA09EE1953451D00A7D430 /* 1_menu.png */,
				27EA09F31953C8B400A7D430 /* 1_back.png */,
				2724FBE3195B0E4C003D58AC /* 1_search.png */,
				27EA0A02195527C700A7D430 /* 1_mail.png */,
				27EA09F81954059D00A7D430 /* 1_twitter.png */,
				2724FBEA195B93FF003D58AC /* 0_batsu.png */,
				2724FBEB195B93FF003D58AC /* 0_check.png */,
			);
			name = images;
			sourceTree = "<group>";
		};
/* End PBXGroup section */

/* Begin PBXNativeTarget section */
		2716712F19270DC1002AA1D8 /* LGTMCamera */ = {
			isa = PBXNativeTarget;
			buildConfigurationList = 2716716219270DC1002AA1D8 /* Build configuration list for PBXNativeTarget "LGTMCamera" */;
			buildPhases = (
				8A2C74723C864544866B8AD5 /* Check Pods Manifest.lock */,
				2716712C19270DC1002AA1D8 /* Sources */,
				2716712D19270DC1002AA1D8 /* Frameworks */,
				2716712E19270DC1002AA1D8 /* Resources */,
				4F4065EE26734E8EBA06CBBD /* Copy Pods Resources */,
			);
			buildRules = (
			);
			dependencies = (
			);
			name = LGTMCamera;
			productName = LGTMCamera;
			productReference = 2716713019270DC1002AA1D8 /* LGTMCamera.app */;
			productType = "com.apple.product-type.application";
		};
		2716715019270DC1002AA1D8 /* LGTMCameraTests */ = {
			isa = PBXNativeTarget;
			buildConfigurationList = 2716716519270DC1002AA1D8 /* Build configuration list for PBXNativeTarget "LGTMCameraTests" */;
			buildPhases = (
				2716714D19270DC1002AA1D8 /* Sources */,
				2716714E19270DC1002AA1D8 /* Frameworks */,
				2716714F19270DC1002AA1D8 /* Resources */,
			);
			buildRules = (
			);
			dependencies = (
				2716715719270DC1002AA1D8 /* PBXTargetDependency */,
			);
			name = LGTMCameraTests;
			productName = LGTMCameraTests;
			productReference = 2716715119270DC1002AA1D8 /* LGTMCameraTests.xctest */;
			productType = "com.apple.product-type.bundle.unit-test";
		};
/* End PBXNativeTarget section */

/* Begin PBXProject section */
		2716712819270DC1002AA1D8 /* Project object */ = {
			isa = PBXProject;
			attributes = {
				LastUpgradeCheck = 0510;
				ORGANIZATIONNAME = fumiharu;
				TargetAttributes = {
					2716712F19270DC1002AA1D8 = {
						DevelopmentTeam = V2P4ADA4S6;
					};
					2716715019270DC1002AA1D8 = {
						TestTargetID = 2716712F19270DC1002AA1D8;
					};
				};
			};
			buildConfigurationList = 2716712B19270DC1002AA1D8 /* Build configuration list for PBXProject "LGTMCamera" */;
			compatibilityVersion = "Xcode 3.2";
			developmentRegion = English;
			hasScannedForEncodings = 0;
			knownRegions = (
				en,
				Base,
			);
			mainGroup = 2716712719270DC1002AA1D8;
			productRefGroup = 2716713119270DC1002AA1D8 /* Products */;
			projectDirPath = "";
			projectRoot = "";
			targets = (
				2716712F19270DC1002AA1D8 /* LGTMCamera */,
				2716715019270DC1002AA1D8 /* LGTMCameraTests */,
			);
		};
/* End PBXProject section */

/* Begin PBXResourcesBuildPhase section */
		2716712E19270DC1002AA1D8 /* Resources */ = {
			isa = PBXResourcesBuildPhase;
			buildActionMask = 2147483647;
			files = (
				27EA09F01953451D00A7D430 /* 1_take.png in Resources */,
				2724FBE9195B9215003D58AC /* imageSearchDetailViewController.xib in Resources */,
				2724FBE4195B0E4C003D58AC /* 1_search.png in Resources */,
				27EA09D919529B4B00A7D430 /* LGTM3.png in Resources */,
				2716714C19270DC1002AA1D8 /* Images.xcassets in Resources */,
				2724FBEC195B93FF003D58AC /* 0_batsu.png in Resources */,
				27EA09DA19529B4B00A7D430 /* LGTM4.png in Resources */,
				27EA09D819529B4B00A7D430 /* LGTM1.png in Resources */,
				27EA09DB19529B4B00A7D430 /* LGTM5.png in Resources */,
				27EA09D719529B4B00A7D430 /* LGTM0.png in Resources */,
				27EB919C19B8AE49006FDCAF /* flash.png in Resources */,
				27EA0A0A1957DE7800A7D430 /* good-chef-80.png in Resources */,
				27EA0A0B1957DE7800A7D430 /* good-chef-120.png in Resources */,
				27AB460C1941F59800A2F6D7 /* retake.png in Resources */,
				2716716919271187002AA1D8 /* ViewController.xib in Resources */,
				27EA09F21953451D00A7D430 /* 1_menu.png in Resources */,
				2748510B19B4067B0014C701 /* switch.png in Resources */,
				27EA09F41953C8B400A7D430 /* 1_back.png in Resources */,
				2748510919B17C7E0014C701 /* repeat.png in Resources */,
				27EA09F11953451D00A7D430 /* 1_save.png in Resources */,
				2724FBD81959BF7A003D58AC /* bingapires.strings in Resources */,
				27AB460E1941F59800A2F6D7 /* cameraroll.png in Resources */,
				2716713E19270DC1002AA1D8 /* InfoPlist.strings in Resources */,
				27EA0A03195527C700A7D430 /* 1_mail.png in Resources */,
				27EA09EF1953451D00A7D430 /* 1_upload.png in Resources */,
				27EA09F91954059D00A7D430 /* 1_twitter.png in Resources */,
				2748510D19B4B27C0014C701 /* LGTM_2.png in Resources */,
				2724FBD619590382003D58AC /* imageSearchViewController.xib in Resources */,
				27AB460D1941F59800A2F6D7 /* camera.png in Resources */,
				27AB46101941F59800A2F6D7 /* LGTM.png in Resources */,
				27EA0A071957DDFC00A7D430 /* Icon-Small@2x.png in Resources */,
				2724FBED195B93FF003D58AC /* 0_check.png in Resources */,
			);
			runOnlyForDeploymentPostprocessing = 0;
		};
		2716714F19270DC1002AA1D8 /* Resources */ = {
			isa = PBXResourcesBuildPhase;
			buildActionMask = 2147483647;
			files = (
				2716715D19270DC1002AA1D8 /* InfoPlist.strings in Resources */,
			);
			runOnlyForDeploymentPostprocessing = 0;
		};
/* End PBXResourcesBuildPhase section */

/* Begin PBXShellScriptBuildPhase section */
		4F4065EE26734E8EBA06CBBD /* Copy Pods Resources */ = {
			isa = PBXShellScriptBuildPhase;
			buildActionMask = 2147483647;
			files = (
			);
			inputPaths = (
			);
			name = "Copy Pods Resources";
			outputPaths = (
			);
			runOnlyForDeploymentPostprocessing = 0;
			shellPath = /bin/sh;
			shellScript = "\"${SRCROOT}/Pods/Pods-LGTMCamera-resources.sh\"\n";
			showEnvVarsInLog = 0;
		};
		8A2C74723C864544866B8AD5 /* Check Pods Manifest.lock */ = {
			isa = PBXShellScriptBuildPhase;
			buildActionMask = 2147483647;
			files = (
			);
			inputPaths = (
			);
			name = "Check Pods Manifest.lock";
			outputPaths = (
			);
			runOnlyForDeploymentPostprocessing = 0;
			shellPath = /bin/sh;
			shellScript = "diff \"${PODS_ROOT}/../Podfile.lock\" \"${PODS_ROOT}/Manifest.lock\" > /dev/null\nif [[ $? != 0 ]] ; then\n    cat << EOM\nerror: The sandbox is not in sync with the Podfile.lock. Run 'pod install' or update your CocoaPods installation.\nEOM\n    exit 1\nfi\n";
			showEnvVarsInLog = 0;
		};
/* End PBXShellScriptBuildPhase section */

/* Begin PBXSourcesBuildPhase section */
		2716712C19270DC1002AA1D8 /* Sources */ = {
			isa = PBXSourcesBuildPhase;
			buildActionMask = 2147483647;
			files = (
				2724FBE8195B9215003D58AC /* imageSearchDetailViewController.m in Sources */,
				2716714A19270DC1002AA1D8 /* ViewController.m in Sources */,
				2716714419270DC1002AA1D8 /* AppDelegate.m in Sources */,
				2724FBD519590382003D58AC /* imageSearchViewController.m in Sources */,
				2716714019270DC1002AA1D8 /* main.m in Sources */,
				2748510519B00CE90014C701 /* UIImagePickerViewController.m in Sources */,
				278C981F19AC4A42004EF1E1 /* UIKit+LGTMCameraAddition.m in Sources */,
			);
			runOnlyForDeploymentPostprocessing = 0;
		};
		2716714D19270DC1002AA1D8 /* Sources */ = {
			isa = PBXSourcesBuildPhase;
			buildActionMask = 2147483647;
			files = (
				2716715F19270DC1002AA1D8 /* LGTMCameraTests.m in Sources */,
			);
			runOnlyForDeploymentPostprocessing = 0;
		};
/* End PBXSourcesBuildPhase section */

/* Begin PBXTargetDependency section */
		2716715719270DC1002AA1D8 /* PBXTargetDependency */ = {
			isa = PBXTargetDependency;
			target = 2716712F19270DC1002AA1D8 /* LGTMCamera */;
			targetProxy = 2716715619270DC1002AA1D8 /* PBXContainerItemProxy */;
		};
/* End PBXTargetDependency section */

/* Begin PBXVariantGroup section */
		2716713C19270DC1002AA1D8 /* InfoPlist.strings */ = {
			isa = PBXVariantGroup;
			children = (
				2716713D19270DC1002AA1D8 /* en */,
			);
			name = InfoPlist.strings;
			sourceTree = "<group>";
		};
		2716715B19270DC1002AA1D8 /* InfoPlist.strings */ = {
			isa = PBXVariantGroup;
			children = (
				2716715C19270DC1002AA1D8 /* en */,
			);
			name = InfoPlist.strings;
			sourceTree = "<group>";
		};
/* End PBXVariantGroup section */

/* Begin XCBuildConfiguration section */
		2716716019270DC1002AA1D8 /* Debug */ = {
			isa = XCBuildConfiguration;
			buildSettings = {
				ALWAYS_SEARCH_USER_PATHS = NO;
				CLANG_CXX_LANGUAGE_STANDARD = "gnu++0x";
				CLANG_CXX_LIBRARY = "libc++";
				CLANG_ENABLE_MODULES = YES;
				CLANG_ENABLE_OBJC_ARC = YES;
				CLANG_WARN_BOOL_CONVERSION = YES;
				CLANG_WARN_CONSTANT_CONVERSION = YES;
				CLANG_WARN_DIRECT_OBJC_ISA_USAGE = YES_ERROR;
				CLANG_WARN_EMPTY_BODY = YES;
				CLANG_WARN_ENUM_CONVERSION = YES;
				CLANG_WARN_INT_CONVERSION = YES;
				CLANG_WARN_OBJC_ROOT_CLASS = YES_ERROR;
				CLANG_WARN__DUPLICATE_METHOD_MATCH = YES;
				"CODE_SIGN_IDENTITY[sdk=iphoneos*]" = "iPhone Developer";
				COPY_PHASE_STRIP = NO;
				GCC_C_LANGUAGE_STANDARD = gnu99;
				GCC_DYNAMIC_NO_PIC = NO;
				GCC_OPTIMIZATION_LEVEL = 0;
				GCC_PREPROCESSOR_DEFINITIONS = (
					"DEBUG=1",
					"$(inherited)",
				);
				GCC_SYMBOLS_PRIVATE_EXTERN = NO;
				GCC_WARN_64_TO_32_BIT_CONVERSION = YES;
				GCC_WARN_ABOUT_RETURN_TYPE = YES_ERROR;
				GCC_WARN_UNDECLARED_SELECTOR = YES;
				GCC_WARN_UNINITIALIZED_AUTOS = YES_AGGRESSIVE;
				GCC_WARN_UNUSED_FUNCTION = YES;
				GCC_WARN_UNUSED_VARIABLE = YES;
				IPHONEOS_DEPLOYMENT_TARGET = 7.0;
				ONLY_ACTIVE_ARCH = YES;
				SDKROOT = iphoneos;
			};
			name = Debug;
		};
		2716716119270DC1002AA1D8 /* Release */ = {
			isa = XCBuildConfiguration;
			buildSettings = {
				ALWAYS_SEARCH_USER_PATHS = NO;
				CLANG_CXX_LANGUAGE_STANDARD = "gnu++0x";
				CLANG_CXX_LIBRARY = "libc++";
				CLANG_ENABLE_MODULES = YES;
				CLANG_ENABLE_OBJC_ARC = YES;
				CLANG_WARN_BOOL_CONVERSION = YES;
				CLANG_WARN_CONSTANT_CONVERSION = YES;
				CLANG_WARN_DIRECT_OBJC_ISA_USAGE = YES_ERROR;
				CLANG_WARN_EMPTY_BODY = YES;
				CLANG_WARN_ENUM_CONVERSION = YES;
				CLANG_WARN_INT_CONVERSION = YES;
				CLANG_WARN_OBJC_ROOT_CLASS = YES_ERROR;
				CLANG_WARN__DUPLICATE_METHOD_MATCH = YES;
				"CODE_SIGN_IDENTITY[sdk=iphoneos*]" = "iPhone Developer";
				COPY_PHASE_STRIP = YES;
				ENABLE_NS_ASSERTIONS = NO;
				GCC_C_LANGUAGE_STANDARD = gnu99;
				GCC_WARN_64_TO_32_BIT_CONVERSION = YES;
				GCC_WARN_ABOUT_RETURN_TYPE = YES_ERROR;
				GCC_WARN_UNDECLARED_SELECTOR = YES;
				GCC_WARN_UNINITIALIZED_AUTOS = YES_AGGRESSIVE;
				GCC_WARN_UNUSED_FUNCTION = YES;
				GCC_WARN_UNUSED_VARIABLE = YES;
				IPHONEOS_DEPLOYMENT_TARGET = 7.0;
				SDKROOT = iphoneos;
				VALIDATE_PRODUCT = YES;
			};
			name = Release;
		};
		2716716319270DC1002AA1D8 /* Debug */ = {
			isa = XCBuildConfiguration;
			baseConfigurationReference = 71F42CE2FBAE44FCB3C44044 /* Pods-LGTMCamera.xcconfig */;
			buildSettings = {
				ASSETCATALOG_COMPILER_APPICON_NAME = AppIcon;
				ASSETCATALOG_COMPILER_LAUNCHIMAGE_NAME = LaunchImage;
				CODE_SIGN_IDENTITY = "iPhone Developer";
				"CODE_SIGN_IDENTITY[sdk=iphoneos*]" = "iPhone Developer";
				GCC_PRECOMPILE_PREFIX_HEADER = YES;
				GCC_PREFIX_HEADER = "LGTMCamera/LGTMCamera-Prefix.pch";
				INFOPLIST_FILE = "LGTMCamera/LGTMCamera-Info.plist";
				IPHONEOS_DEPLOYMENT_TARGET = 7.0;
				PRODUCT_NAME = "$(TARGET_NAME)";
				PROVISIONING_PROFILE = "8113AF4F-9BF8-476E-A637-6ABC91033FD9";
				WRAPPER_EXTENSION = app;
			};
			name = Debug;
		};
		2716716419270DC1002AA1D8 /* Release */ = {
			isa = XCBuildConfiguration;
			baseConfigurationReference = 71F42CE2FBAE44FCB3C44044 /* Pods-LGTMCamera.xcconfig */;
			buildSettings = {
				ASSETCATALOG_COMPILER_APPICON_NAME = AppIcon;
				ASSETCATALOG_COMPILER_LAUNCHIMAGE_NAME = LaunchImage;
				CODE_SIGN_IDENTITY = "iPhone Developer";
				"CODE_SIGN_IDENTITY[sdk=iphoneos*]" = "iPhone Developer";
				GCC_PRECOMPILE_PREFIX_HEADER = YES;
				GCC_PREFIX_HEADER = "LGTMCamera/LGTMCamera-Prefix.pch";
				INFOPLIST_FILE = "LGTMCamera/LGTMCamera-Info.plist";
				IPHONEOS_DEPLOYMENT_TARGET = 7.0;
				PRODUCT_NAME = "$(TARGET_NAME)";
				PROVISIONING_PROFILE = "8113AF4F-9BF8-476E-A637-6ABC91033FD9";
				WRAPPER_EXTENSION = app;
			};
			name = Release;
		};
		2716716619270DC1002AA1D8 /* Debug */ = {
			isa = XCBuildConfiguration;
			buildSettings = {
				BUNDLE_LOADER = "$(BUILT_PRODUCTS_DIR)/LGTMCamera.app/LGTMCamera";
				FRAMEWORK_SEARCH_PATHS = (
					"$(SDKROOT)/Developer/Library/Frameworks",
					"$(inherited)",
					"$(DEVELOPER_FRAMEWORKS_DIR)",
				);
				GCC_PRECOMPILE_PREFIX_HEADER = YES;
				GCC_PREFIX_HEADER = "LGTMCamera/LGTMCamera-Prefix.pch";
				GCC_PREPROCESSOR_DEFINITIONS = (
					"DEBUG=1",
					"$(inherited)",
				);
				INFOPLIST_FILE = "LGTMCameraTests/LGTMCameraTests-Info.plist";
				PRODUCT_NAME = "$(TARGET_NAME)";
				TEST_HOST = "$(BUNDLE_LOADER)";
				WRAPPER_EXTENSION = xctest;
			};
			name = Debug;
		};
		2716716719270DC1002AA1D8 /* Release */ = {
			isa = XCBuildConfiguration;
			buildSettings = {
				BUNDLE_LOADER = "$(BUILT_PRODUCTS_DIR)/LGTMCamera.app/LGTMCamera";
				FRAMEWORK_SEARCH_PATHS = (
					"$(SDKROOT)/Developer/Library/Frameworks",
					"$(inherited)",
					"$(DEVELOPER_FRAMEWORKS_DIR)",
				);
				GCC_PRECOMPILE_PREFIX_HEADER = YES;
				GCC_PREFIX_HEADER = "LGTMCamera/LGTMCamera-Prefix.pch";
				INFOPLIST_FILE = "LGTMCameraTests/LGTMCameraTests-Info.plist";
				PRODUCT_NAME = "$(TARGET_NAME)";
				TEST_HOST = "$(BUNDLE_LOADER)";
				WRAPPER_EXTENSION = xctest;
			};
			name = Release;
		};
/* End XCBuildConfiguration section */

/* Begin XCConfigurationList section */
		2716712B19270DC1002AA1D8 /* Build configuration list for PBXProject "LGTMCamera" */ = {
			isa = XCConfigurationList;
			buildConfigurations = (
				2716716019270DC1002AA1D8 /* Debug */,
				2716716119270DC1002AA1D8 /* Release */,
			);
			defaultConfigurationIsVisible = 0;
			defaultConfigurationName = Release;
		};
		2716716219270DC1002AA1D8 /* Build configuration list for PBXNativeTarget "LGTMCamera" */ = {
			isa = XCConfigurationList;
			buildConfigurations = (
				2716716319270DC1002AA1D8 /* Debug */,
				2716716419270DC1002AA1D8 /* Release */,
			);
			defaultConfigurationIsVisible = 0;
			defaultConfigurationName = Release;
		};
		2716716519270DC1002AA1D8 /* Build configuration list for PBXNativeTarget "LGTMCameraTests" */ = {
			isa = XCConfigurationList;
			buildConfigurations = (
				2716716619270DC1002AA1D8 /* Debug */,
				2716716719270DC1002AA1D8 /* Release */,
			);
			defaultConfigurationIsVisible = 0;
			defaultConfigurationName = Release;
		};
/* End XCConfigurationList section */
	};
	rootObject = 2716712819270DC1002AA1D8 /* Project object */;
}
